
Microsoft Visual Studio Solution File, Format Version 12.00
# Visual Studio Version 17
VisualStudioVersion = 17.13.35825.156
MinimumVisualStudioVersion = 10.0.40219.1
Project("{FAE04EC0-301F-11D3-BF4B-00C04F79EFBC}") = "GameStore.Api", "GameStore.Api\GameStore.Api.csproj", "{460423FF-635C-4CB9-A61D-E9B9DA64899C}"
EndProject
Global
	GlobalSection(SolutionConfigurationPlatforms) = preSolution
		Debug|Any CPU = Debug|Any CPU
		Release|Any CPU = Release|Any CPU
	EndGlobalSection
	GlobalSection(ProjectConfigurationPlatforms) = postSolution
		{460423FF-635C-4CB9-A61D-E9B9DA64899C}.Debug|Any CPU.ActiveCfg = Debug|Any CPU
		{460423FF-635C-4CB9-A61D-E9B9DA64899C}.Debug|Any CPU.Build.0 = Debug|Any CPU
		{460423FF-635C-4CB9-A61D-E9B9DA64899C}.Release|Any CPU.ActiveCfg = Release|Any CPU
		{460423FF-635C-4CB9-A61D-E9B9DA64899C}.Release|Any CPU.Build.0 = Release|Any CPU
	EndGlobalSection
	GlobalSection(SolutionProperties) = preSolution
		HideSolutionNode = FALSE
	EndGlobalSection
	GlobalSection(ExtensibilityGlobals) = postSolution
		SolutionGuid = {545CC434-65D0-41E6-8739-905168BCA3B9}
	EndGlobalSection
EndGlobal
